
Microsoft Visual Studio Solution File, Format Version 12.00
# Visual Studio 15
VisualStudioVersion = 15.0.28307.136
MinimumVisualStudioVersion = 10.0.40219.1
Project("{FAE04EC0-301F-11D3-BF4B-00C04F79EFBC}") = "Web2Serial", "Web2Serial\Web2Serial.csproj", "{29993BC3-4451-4157-B5EE-E9E1FC360A03}"
EndProject
Global
	GlobalSection(SolutionConfigurationPlatforms) = preSolution
		Debug|Any CPU = Debug|Any CPU
		Release|Any CPU = Release|Any CPU
	EndGlobalSection
	GlobalSection(ProjectConfigurationPlatforms) = postSolution
		{29993BC3-4451-4157-B5EE-E9E1FC360A03}.Debug|Any CPU.ActiveCfg = Debug|Any CPU
		{29993BC3-4451-4157-B5EE-E9E1FC360A03}.Debug|Any CPU.Build.0 = Debug|Any CPU
		{29993BC3-4451-4157-B5EE-E9E1FC360A03}.Release|Any CPU.ActiveCfg = Release|Any CPU
		{29993BC3-4451-4157-B5EE-E9E1FC360A03}.Release|Any CPU.Build.0 = Release|Any CPU
	EndGlobalSection
	GlobalSection(SolutionProperties) = preSolution
		HideSolutionNode = FALSE
	EndGlobalSection
	GlobalSection(ExtensibilityGlobals) = postSolution
		SolutionGuid = {559C26A9-E937-446D-874D-09DC9A10EA15}
	EndGlobalSection
EndGlobal
